
Microsoft Visual Studio Solution File, Format Version 12.00
# Visual Studio Version 17
VisualStudioVersion = 17.14.36518.9 d17.14
MinimumVisualStudioVersion = 10.0.40219.1
Project("{FAE04EC0-301F-11D3-BF4B-00C04F79EFBC}") = "ConsoleApp9", "ConsoleApp9\ConsoleApp9.csproj", "{89469EF8-4D8B-4C6C-BAFC-986CE663A5B0}"
EndProject
Global
	GlobalSection(SolutionConfigurationPlatforms) = preSolution
		Debug|Any CPU = Debug|Any CPU
		Release|Any CPU = Release|Any CPU
	EndGlobalSection
	GlobalSection(ProjectConfigurationPlatforms) = postSolution
		{89469EF8-4D8B-4C6C-BAFC-986CE663A5B0}.Debug|Any CPU.ActiveCfg = Debug|Any CPU
		{89469EF8-4D8B-4C6C-BAFC-986CE663A5B0}.Debug|Any CPU.Build.0 = Debug|Any CPU
		{89469EF8-4D8B-4C6C-BAFC-986CE663A5B0}.Release|Any CPU.ActiveCfg = Release|Any CPU
		{89469EF8-4D8B-4C6C-BAFC-986CE663A5B0}.Release|Any CPU.Build.0 = Release|Any CPU
	EndGlobalSection
	GlobalSection(SolutionProperties) = preSolution
		HideSolutionNode = FALSE
	EndGlobalSection
	GlobalSection(ExtensibilityGlobals) = postSolution
		SolutionGuid = {F8C66422-0F3B-490D-9B50-2D4E7BC711F0}
	EndGlobalSection
EndGlobal
